
Microsoft Visual Studio Solution File, Format Version 12.00
# Visual Studio 14
VisualStudioVersion = 14.0.25123.0
MinimumVisualStudioVersion = 10.0.40219.1
Project("{2150E333-8FDC-42A3-9474-1A3956D46DE8}") = "Backend", "Backend", "{B043341B-A205-43D1-B50A-AE5E7DF8D508}"
EndProject
Project("{2150E333-8FDC-42A3-9474-1A3956D46DE8}") = "Shared", "Shared", "{3EAC0834-6DC9-4233-9051-0375C413C38C}"
EndProject
Project("{FAE04EC0-301F-11D3-BF4B-00C04F79EFBC}") = "IFeelGoodSalon.DataAccess", "Backend\IFeelGoodSalon.DataAccess\IFeelGoodSalon.DataAccess.csproj", "{C427A73C-CD2B-4132-BD10-150CCB580560}"
EndProject
Project("{FAE04EC0-301F-11D3-BF4B-00C04F79EFBC}") = "IFeelGoodSalon.DataPattern.Ef6", "Shared\IFeelGoodSalon.DataPattern.Ef6\IFeelGoodSalon.DataPattern.Ef6.csproj", "{7906B408-5217-4838-954F-D946BEA7F320}"
EndProject
Project("{FAE04EC0-301F-11D3-BF4B-00C04F79EFBC}") = "IFeelGoodSalon.Models", "Backend\IFeelGoodSalon.Models\IFeelGoodSalon.Models.csproj", "{ABD3AEC8-03DC-495E-AC40-AC609F86EEAD}"
EndProject
Project("{2150E333-8FDC-42A3-9474-1A3956D46DE8}") = "Frontend", "Frontend", "{D1A7750C-8A2D-47B7-8815-A3AD10674DFC}"
EndProject
Project("{2150E333-8FDC-42A3-9474-1A3956D46DE8}") = "Windows", "Windows", "{BB7E3906-4189-4E3E-A621-E15D07AF3A81}"
EndProject
Project("{2150E333-8FDC-42A3-9474-1A3956D46DE8}") = "Presentation", "Presentation", "{E5F2BBD4-9236-4EB4-A52A-F97A3DEF7FC8}"
EndProject
Project("{2150E333-8FDC-42A3-9474-1A3956D46DE8}") = "Modules", "Modules", "{24A2A96C-F20F-43FF-9FE3-19B562C26C79}"
EndProject
Project("{2150E333-8FDC-42A3-9474-1A3956D46DE8}") = "Common", "Common", "{1132A53B-42E2-4A52-9B31-9A69E7DB213F}"
EndProject
Project("{FAE04EC0-301F-11D3-BF4B-00C04F79EFBC}") = "IFeelGoodSalon.Infrastructure", "Frontend\Windows\Common\IFeelGoodSalon.Infrastructure\IFeelGoodSalon.Infrastructure.csproj", "{BCD78AB5-E741-40DF-B864-C19C0EC58B03}"
EndProject
Project("{FAE04EC0-301F-11D3-BF4B-00C04F79EFBC}") = "IFeelGoodSalon.SplashScreen", "Frontend\Windows\Presentation\Modules\IFeelGoodSalon.SplashScreen\IFeelGoodSalon.SplashScreen.csproj", "{F5D5324C-F5C3-4CDD-8E38-D7BE1F967E85}"
EndProject
Project("{FAE04EC0-301F-11D3-BF4B-00C04F79EFBC}") = "IFeelGoodSalon.Desktop", "Frontend\Windows\Presentation\IFeelGoodSalon.Desktop\IFeelGoodSalon.Desktop.csproj", "{A9CD48C6-DA52-4188-B542-4D579C4FA316}"
EndProject
Project("{FAE04EC0-301F-11D3-BF4B-00C04F79EFBC}") = "IFeelGoodSalon.ClientManagement", "Frontend\Windows\Presentation\Modules\IFeelGoodSalon.ClientManagement\IFeelGoodSalon.ClientManagement.csproj", "{39E6F14B-1287-4634-8A59-93404681D05A}"
EndProject
Project("{FAE04EC0-301F-11D3-BF4B-00C04F79EFBC}") = "IFeelGoodSalon.Setup", "Frontend\Windows\Presentation\Modules\IFeelGoodSalon.Setup\IFeelGoodSalon.Setup.csproj", "{4FC51DCE-4020-4353-8D79-771B45FDCB0A}"
EndProject
Project("{FAE04EC0-301F-11D3-BF4B-00C04F79EFBC}") = "IFeelGoodSalon.WebApi", "Backend\IFeelGoodSalon.WebApi\IFeelGoodSalon.WebApi\IFeelGoodSalon.WebApi.csproj", "{6862A273-F7A4-4B04-8D7B-075B217391D7}"
EndProject
Project("{2150E333-8FDC-42A3-9474-1A3956D46DE8}") = "Self-hosted", "Self-hosted", "{1DAAF1E5-4EF8-4F1E-8B65-40A9C7AB3BCE}"
EndProject
Project("{FAE04EC0-301F-11D3-BF4B-00C04F79EFBC}") = "IFeelGoodSalon.WebApi.SelfHosted", "Backend\Self-hosted\IFeelGoodSalon.WebApi.SelfHosted\IFeelGoodSalon.WebApi.SelfHosted.csproj", "{BF8F83F0-F6E4-4425-B17A-62E5FB172BC0}"
EndProject
Project("{FAE04EC0-301F-11D3-BF4B-00C04F79EFBC}") = "IFeelGoodSalon.BusinessLogic", "Backend\IFeelGoodSalon.BusinessLogic\IFeelGoodSalon.BusinessLogic.csproj", "{581941D8-ED6D-4FDB-AC84-9F921D476177}"
EndProject
Project("{FAE04EC0-301F-11D3-BF4B-00C04F79EFBC}") = "IFeelGoodSalon.Common", "Shared\IFeelGoodSalon.Common\IFeelGoodSalon.Common.csproj", "{84631870-2C99-4BC8-BAA5-325BEB6AF731}"
EndProject
Global
	GlobalSection(SolutionConfigurationPlatforms) = preSolution
		Debug|Any CPU = Debug|Any CPU
		Release|Any CPU = Release|Any CPU
	EndGlobalSection
	GlobalSection(ProjectConfigurationPlatforms) = postSolution
		{C427A73C-CD2B-4132-BD10-150CCB580560}.Debug|Any CPU.ActiveCfg = Debug|Any CPU
		{C427A73C-CD2B-4132-BD10-150CCB580560}.Debug|Any CPU.Build.0 = Debug|Any CPU
		{C427A73C-CD2B-4132-BD10-150CCB580560}.Release|Any CPU.ActiveCfg = Release|Any CPU
		{C427A73C-CD2B-4132-BD10-150CCB580560}.Release|Any CPU.Build.0 = Release|Any CPU
		{7906B408-5217-4838-954F-D946BEA7F320}.Debug|Any CPU.ActiveCfg = Debug|Any CPU
		{7906B408-5217-4838-954F-D946BEA7F320}.Debug|Any CPU.Build.0 = Debug|Any CPU
		{7906B408-5217-4838-954F-D946BEA7F320}.Release|Any CPU.ActiveCfg = Release|Any CPU
		{7906B408-5217-4838-954F-D946BEA7F320}.Release|Any CPU.Build.0 = Release|Any CPU
		{ABD3AEC8-03DC-495E-AC40-AC609F86EEAD}.Debug|Any CPU.ActiveCfg = Debug|Any CPU
		{ABD3AEC8-03DC-495E-AC40-AC609F86EEAD}.Debug|Any CPU.Build.0 = Debug|Any CPU
		{ABD3AEC8-03DC-495E-AC40-AC609F86EEAD}.Release|Any CPU.ActiveCfg = Release|Any CPU
		{ABD3AEC8-03DC-495E-AC40-AC609F86EEAD}.Release|Any CPU.Build.0 = Release|Any CPU
		{BCD78AB5-E741-40DF-B864-C19C0EC58B03}.Debug|Any CPU.ActiveCfg = Debug|Any CPU
		{BCD78AB5-E741-40DF-B864-C19C0EC58B03}.Debug|Any CPU.Build.0 = Debug|Any CPU
		{BCD78AB5-E741-40DF-B864-C19C0EC58B03}.Release|Any CPU.ActiveCfg = Release|Any CPU
		{BCD78AB5-E741-40DF-B864-C19C0EC58B03}.Release|Any CPU.Build.0 = Release|Any CPU
		{F5D5324C-F5C3-4CDD-8E38-D7BE1F967E85}.Debug|Any CPU.ActiveCfg = Debug|Any CPU
		{F5D5324C-F5C3-4CDD-8E38-D7BE1F967E85}.Debug|Any CPU.Build.0 = Debug|Any CPU
		{F5D5324C-F5C3-4CDD-8E38-D7BE1F967E85}.Release|Any CPU.ActiveCfg = Release|Any CPU
		{F5D5324C-F5C3-4CDD-8E38-D7BE1F967E85}.Release|Any CPU.Build.0 = Release|Any CPU
		{A9CD48C6-DA52-4188-B542-4D579C4FA316}.Debug|Any CPU.ActiveCfg = Debug|Any CPU
		{A9CD48C6-DA52-4188-B542-4D579C4FA316}.Debug|Any CPU.Build.0 = Debug|Any CPU
		{A9CD48C6-DA52-4188-B542-4D579C4FA316}.Release|Any CPU.ActiveCfg = Release|Any CPU
		{A9CD48C6-DA52-4188-B542-4D579C4FA316}.Release|Any CPU.Build.0 = Release|Any CPU
		{39E6F14B-1287-4634-8A59-93404681D05A}.Debug|Any CPU.ActiveCfg = Debug|Any CPU
		{39E6F14B-1287-4634-8A59-93404681D05A}.Debug|Any CPU.Build.0 = Debug|Any CPU
		{39E6F14B-1287-4634-8A59-93404681D05A}.Release|Any CPU.ActiveCfg = Release|Any CPU
		{39E6F14B-1287-4634-8A59-93404681D05A}.Release|Any CPU.Build.0 = Release|Any CPU
		{4FC51DCE-4020-4353-8D79-771B45FDCB0A}.Debug|Any CPU.ActiveCfg = Debug|Any CPU
		{4FC51DCE-4020-4353-8D79-771B45FDCB0A}.Debug|Any CPU.Build.0 = Debug|Any CPU
		{4FC51DCE-4020-4353-8D79-771B45FDCB0A}.Release|Any CPU.ActiveCfg = Release|Any CPU
		{4FC51DCE-4020-4353-8D79-771B45FDCB0A}.Release|Any CPU.Build.0 = Release|Any CPU
		{6862A273-F7A4-4B04-8D7B-075B217391D7}.Debug|Any CPU.ActiveCfg = Debug|Any CPU
		{6862A273-F7A4-4B04-8D7B-075B217391D7}.Debug|Any CPU.Build.0 = Debug|Any CPU
		{6862A273-F7A4-4B04-8D7B-075B217391D7}.Release|Any CPU.ActiveCfg = Release|Any CPU
		{6862A273-F7A4-4B04-8D7B-075B217391D7}.Release|Any CPU.Build.0 = Release|Any CPU
		{BF8F83F0-F6E4-4425-B17A-62E5FB172BC0}.Debug|Any CPU.ActiveCfg = Debug|Any CPU
		{BF8F83F0-F6E4-4425-B17A-62E5FB172BC0}.Debug|Any CPU.Build.0 = Debug|Any CPU
		{BF8F83F0-F6E4-4425-B17A-62E5FB172BC0}.Release|Any CPU.ActiveCfg = Release|Any CPU
		{BF8F83F0-F6E4-4425-B17A-62E5FB172BC0}.Release|Any CPU.Build.0 = Release|Any CPU
		{581941D8-ED6D-4FDB-AC84-9F921D476177}.Debug|Any CPU.ActiveCfg = Debug|Any CPU
		{581941D8-ED6D-4FDB-AC84-9F921D476177}.Debug|Any CPU.Build.0 = Debug|Any CPU
		{581941D8-ED6D-4FDB-AC84-9F921D476177}.Release|Any CPU.ActiveCfg = Release|Any CPU
		{581941D8-ED6D-4FDB-AC84-9F921D476177}.Release|Any CPU.Build.0 = Release|Any CPU
		{84631870-2C99-4BC8-BAA5-325BEB6AF731}.Debug|Any CPU.ActiveCfg = Debug|Any CPU
		{84631870-2C99-4BC8-BAA5-325BEB6AF731}.Debug|Any CPU.Build.0 = Debug|Any CPU
		{84631870-2C99-4BC8-BAA5-325BEB6AF731}.Release|Any CPU.ActiveCfg = Release|Any CPU
		{84631870-2C99-4BC8-BAA5-325BEB6AF731}.Release|Any CPU.Build.0 = Release|Any CPU
	EndGlobalSection
	GlobalSection(SolutionProperties) = preSolution
		HideSolutionNode = FALSE
	EndGlobalSection
	GlobalSection(NestedProjects) = preSolution
		{C427A73C-CD2B-4132-BD10-150CCB580560} = {B043341B-A205-43D1-B50A-AE5E7DF8D508}
		{7906B408-5217-4838-954F-D946BEA7F320} = {3EAC0834-6DC9-4233-9051-0375C413C38C}
		{ABD3AEC8-03DC-495E-AC40-AC609F86EEAD} = {B043341B-A205-43D1-B50A-AE5E7DF8D508}
		{BB7E3906-4189-4E3E-A621-E15D07AF3A81} = {D1A7750C-8A2D-47B7-8815-A3AD10674DFC}
		{E5F2BBD4-9236-4EB4-A52A-F97A3DEF7FC8} = {BB7E3906-4189-4E3E-A621-E15D07AF3A81}
		{24A2A96C-F20F-43FF-9FE3-19B562C26C79} = {E5F2BBD4-9236-4EB4-A52A-F97A3DEF7FC8}
		{1132A53B-42E2-4A52-9B31-9A69E7DB213F} = {BB7E3906-4189-4E3E-A621-E15D07AF3A81}
		{BCD78AB5-E741-40DF-B864-C19C0EC58B03} = {1132A53B-42E2-4A52-9B31-9A69E7DB213F}
		{F5D5324C-F5C3-4CDD-8E38-D7BE1F967E85} = {24A2A96C-F20F-43FF-9FE3-19B562C26C79}
		{A9CD48C6-DA52-4188-B542-4D579C4FA316} = {E5F2BBD4-9236-4EB4-A52A-F97A3DEF7FC8}
		{39E6F14B-1287-4634-8A59-93404681D05A} = {24A2A96C-F20F-43FF-9FE3-19B562C26C79}
		{4FC51DCE-4020-4353-8D79-771B45FDCB0A} = {24A2A96C-F20F-43FF-9FE3-19B562C26C79}
		{6862A273-F7A4-4B04-8D7B-075B217391D7} = {B043341B-A205-43D1-B50A-AE5E7DF8D508}
		{1DAAF1E5-4EF8-4F1E-8B65-40A9C7AB3BCE} = {B043341B-A205-43D1-B50A-AE5E7DF8D508}
		{BF8F83F0-F6E4-4425-B17A-62E5FB172BC0} = {1DAAF1E5-4EF8-4F1E-8B65-40A9C7AB3BCE}
		{581941D8-ED6D-4FDB-AC84-9F921D476177} = {B043341B-A205-43D1-B50A-AE5E7DF8D508}
		{84631870-2C99-4BC8-BAA5-325BEB6AF731} = {3EAC0834-6DC9-4233-9051-0375C413C38C}
	EndGlobalSection
EndGlobal
